// !$*UTF8*$!
{
	archiveVersion = 1;
	classes = {
	};
	objectVersion = 50;
	objects = {

/* Begin PBXBuildFile section */
		933641BC2653EDD800FA72C2 /* TS.mp4 in Resources */ = {isa = PBXBuildFile; fileRef = 933641BB2653EDD800FA72C2 /* TS.mp4 */; };
		933641BE2653F38500FA72C2 /* RootPresentationMode.swift in Sources */ = {isa = PBXBuildFile; fileRef = 933641BD2653F38500FA72C2 /* RootPresentationMode.swift */; };
		933641C02655413800FA72C2 /* answer.mp3 in Resources */ = {isa = PBXBuildFile; fileRef = 933641BF2655413800FA72C2 /* answer.mp3 */; };
		936218E126483AB90033E58B /* ContactList.swift in Sources */ = {isa = PBXBuildFile; fileRef = 936218E026483AB90033E58B /* ContactList.swift */; };
		936218F926485B200033E58B /* CameraController.swift in Sources */ = {isa = PBXBuildFile; fileRef = 936218F826485B200033E58B /* CameraController.swift */; };
		936218FE26485C730033E58B /* CameraViewController.swift in Sources */ = {isa = PBXBuildFile; fileRef = 936218FD26485C730033E58B /* CameraViewController.swift */; };
		939C817A26497D0D0094083B /* dialtone.m4a in Resources */ = {isa = PBXBuildFile; fileRef = 939C817926497D0D0094083B /* dialtone.m4a */; };
		93BF3BF826483469007AD13D /* FakeTimePlaygroundApp.swift in Sources */ = {isa = PBXBuildFile; fileRef = 93BF3BF726483469007AD13D /* FakeTimePlaygroundApp.swift */; };
		93BF3BFA26483469007AD13D /* ContentView.swift in Sources */ = {isa = PBXBuildFile; fileRef = 93BF3BF926483469007AD13D /* ContentView.swift */; };
		93BF3BFC26483474007AD13D /* Assets.xcassets in Resources */ = {isa = PBXBuildFile; fileRef = 93BF3BFB26483474007AD13D /* Assets.xcassets */; };
		93BF3BFF26483474007AD13D /* Preview Assets.xcassets in Resources */ = {isa = PBXBuildFile; fileRef = 93BF3BFE26483474007AD13D /* Preview Assets.xcassets */; };
		93BF3C0A26483474007AD13D /* FakeTimePlaygroundTests.swift in Sources */ = {isa = PBXBuildFile; fileRef = 93BF3C0926483474007AD13D /* FakeTimePlaygroundTests.swift */; };
		93BF3C1526483474007AD13D /* FakeTimePlaygroundUITests.swift in Sources */ = {isa = PBXBuildFile; fileRef = 93BF3C1426483474007AD13D /* FakeTimePlaygroundUITests.swift */; };
		93CE6A6726529E9D003F9133 /* TC.mp4 in Resources */ = {isa = PBXBuildFile; fileRef = 93CE6A6626529E9D003F9133 /* TC.mp4 */; };
		93F6D557264C6C4F009E6F84 /* CustomPlayer.swift in Sources */ = {isa = PBXBuildFile; fileRef = 93F6D556264C6C4F009E6F84 /* CustomPlayer.swift */; };
/* End PBXBuildFile section */

/* Begin PBXContainerItemProxy section */
		93BF3C0626483474007AD13D /* PBXContainerItemProxy */ = {
			isa = PBXContainerItemProxy;
			containerPortal = 93BF3BEC26483469007AD13D /* Project object */;
			proxyType = 1;
			remoteGlobalIDString = 93BF3BF326483469007AD13D;
			remoteInfo = FakeTimePlayground;
		};
		93BF3C1126483474007AD13D /* PBXContainerItemProxy */ = {
			isa = PBXContainerItemProxy;
			containerPortal = 93BF3BEC26483469007AD13D /* Project object */;
			proxyType = 1;
			remoteGlobalIDString = 93BF3BF326483469007AD13D;
			remoteInfo = FakeTimePlayground;
		};
/* End PBXContainerItemProxy section */

/* Begin PBXFileReference section */
		933641BB2653EDD800FA72C2 /* TS.mp4 */ = {isa = PBXFileReference; lastKnownFileType = file; path = TS.mp4; sourceTree = "<group>"; };
		933641BD2653F38500FA72C2 /* RootPresentationMode.swift */ = {isa = PBXFileReference; lastKnownFileType = sourcecode.swift; path = RootPresentationMode.swift; sourceTree = "<group>"; };
		933641BF2655413800FA72C2 /* answer.mp3 */ = {isa = PBXFileReference; lastKnownFileType = audio.mp3; path = answer.mp3; sourceTree = "<group>"; };
		936218E026483AB90033E58B /* ContactList.swift */ = {isa = PBXFileReference; lastKnownFileType = sourcecode.swift; path = ContactList.swift; sourceTree = "<group>"; };
		936218F826485B200033E58B /* CameraController.swift */ = {isa = PBXFileReference; lastKnownFileType = sourcecode.swift; path = CameraController.swift; sourceTree = "<group>"; };
		936218FD26485C730033E58B /* CameraViewController.swift */ = {isa = PBXFileReference; lastKnownFileType = sourcecode.swift; path = CameraViewController.swift; sourceTree = "<group>"; };
		939C817926497D0D0094083B /* dialtone.m4a */ = {isa = PBXFileReference; lastKnownFileType = file; path = dialtone.m4a; sourceTree = "<group>"; };
		93BF3BF426483469007AD13D /* FakeTime.app */ = {isa = PBXFileReference; explicitFileType = wrapper.application; includeInIndex = 0; path = FakeTime.app; sourceTree = BUILT_PRODUCTS_DIR; };
		93BF3BF726483469007AD13D /* FakeTimePlaygroundApp.swift */ = {isa = PBXFileReference; lastKnownFileType = sourcecode.swift; path = FakeTimePlaygroundApp.swift; sourceTree = "<group>"; };
		93BF3BF926483469007AD13D /* ContentView.swift */ = {isa = PBXFileReference; lastKnownFileType = sourcecode.swift; path = ContentView.swift; sourceTree = "<group>"; };
		93BF3BFB26483474007AD13D /* Assets.xcassets */ = {isa = PBXFileReference; lastKnownFileType = folder.assetcatalog; path = Assets.xcassets; sourceTree = "<group>"; };
		93BF3BFE26483474007AD13D /* Preview Assets.xcassets */ = {isa = PBXFileReference; lastKnownFileType = folder.assetcatalog; path = "Preview Assets.xcassets"; sourceTree = "<group>"; };
		93BF3C0026483474007AD13D /* Info.plist */ = {isa = PBXFileReference; lastKnownFileType = text.plist.xml; path = Info.plist; sourceTree = "<group>"; };
		93BF3C0526483474007AD13D /* FakeTimeTests.xctest */ = {isa = PBXFileReference; explicitFileType = wrapper.cfbundle; includeInIndex = 0; path = FakeTimeTests.xctest; sourceTree = BUILT_PRODUCTS_DIR; };
		93BF3C0926483474007AD13D /* FakeTimePlaygroundTests.swift */ = {isa = PBXFileReference; lastKnownFileType = sourcecode.swift; path = FakeTimePlaygroundTests.swift; sourceTree = "<group>"; };
		93BF3C0B26483474007AD13D /* Info.plist */ = {isa = PBXFileReference; lastKnownFileType = text.plist.xml; path = Info.plist; sourceTree = "<group>"; };
		93BF3C1026483474007AD13D /* FakeTimeUITests.xctest */ = {isa = PBXFileReference; explicitFileType = wrapper.cfbundle; includeInIndex = 0; path = FakeTimeUITests.xctest; sourceTree = BUILT_PRODUCTS_DIR; };
		93BF3C1426483474007AD13D /* FakeTimePlaygroundUITests.swift */ = {isa = PBXFileReference; lastKnownFileType = sourcecode.swift; path = FakeTimePlaygroundUITests.swift; sourceTree = "<group>"; };
		93BF3C1626483474007AD13D /* Info.plist */ = {isa = PBXFileReference; lastKnownFileType = text.plist.xml; path = Info.plist; sourceTree = "<group>"; };
		93CE6A6626529E9D003F9133 /* TC.mp4 */ = {isa = PBXFileReference; lastKnownFileType = file; path = TC.mp4; sourceTree = "<group>"; };
		93F6D556264C6C4F009E6F84 /* CustomPlayer.swift */ = {isa = PBXFileReference; lastKnownFileType = sourcecode.swift; path = CustomPlayer.swift; sourceTree = "<group>"; };
/* End PBXFileReference section */

/* Begin PBXFrameworksBuildPhase section */
		93BF3BF126483469007AD13D /* Frameworks */ = {
			isa = PBXFrameworksBuildPhase;
			buildActionMask = 2147483647;
			files = (
			);
			runOnlyForDeploymentPostprocessing = 0;
		};
		93BF3C0226483474007AD13D /* Frameworks */ = {
			isa = PBXFrameworksBuildPhase;
			buildActionMask = 2147483647;
			files = (
			);
			runOnlyForDeploymentPostprocessing = 0;
		};
		93BF3C0D26483474007AD13D /* Frameworks */ = {
			isa = PBXFrameworksBuildPhase;
			buildActionMask = 2147483647;
			files = (
			);
			runOnlyForDeploymentPostprocessing = 0;
		};
/* End PBXFrameworksBuildPhase section */

/* Begin PBXGroup section */
		93BF3BEB26483469007AD13D = {
			isa = PBXGroup;
			children = (
				93CE6A6626529E9D003F9133 /* TC.mp4 */,
				933641BB2653EDD800FA72C2 /* TS.mp4 */,
				939C817926497D0D0094083B /* dialtone.m4a */,
				933641BF2655413800FA72C2 /* answer.mp3 */,
				93BF3BF626483469007AD13D /* FakeTime */,
				93BF3C0826483474007AD13D /* FakeTimeTests */,
				93BF3C1326483474007AD13D /* FakeTimeUITests */,
				93BF3BF526483469007AD13D /* Products */,
			);
			sourceTree = "<group>";
		};
		93BF3BF526483469007AD13D /* Products */ = {
			isa = PBXGroup;
			children = (
				93BF3BF426483469007AD13D /* FakeTime.app */,
				93BF3C0526483474007AD13D /* FakeTimeTests.xctest */,
				93BF3C1026483474007AD13D /* FakeTimeUITests.xctest */,
			);
			name = Products;
			sourceTree = "<group>";
		};
		93BF3BF626483469007AD13D /* FakeTime */ = {
			isa = PBXGroup;
			children = (
				933641BD2653F38500FA72C2 /* RootPresentationMode.swift */,
				93F6D556264C6C4F009E6F84 /* CustomPlayer.swift */,
				936218F826485B200033E58B /* CameraController.swift */,
				936218FD26485C730033E58B /* CameraViewController.swift */,
				93BF3BF726483469007AD13D /* FakeTimePlaygroundApp.swift */,
				936218E026483AB90033E58B /* ContactList.swift */,
				93BF3BF926483469007AD13D /* ContentView.swift */,
				93BF3BFB26483474007AD13D /* Assets.xcassets */,
				93BF3C0026483474007AD13D /* Info.plist */,
				93BF3BFD26483474007AD13D /* Preview Content */,
			);
			path = FakeTime;
			sourceTree = "<group>";
		};
		93BF3BFD26483474007AD13D /* Preview Content */ = {
			isa = PBXGroup;
			children = (
				93BF3BFE26483474007AD13D /* Preview Assets.xcassets */,
			);
			path = "Preview Content";
			sourceTree = "<group>";
		};
		93BF3C0826483474007AD13D /* FakeTimeTests */ = {
			isa = PBXGroup;
			children = (
				93BF3C0926483474007AD13D /* FakeTimePlaygroundTests.swift */,
				93BF3C0B26483474007AD13D /* Info.plist */,
			);
			path = FakeTimeTests;
			sourceTree = "<group>";
		};
		93BF3C1326483474007AD13D /* FakeTimeUITests */ = {
			isa = PBXGroup;
			children = (
				93BF3C1426483474007AD13D /* FakeTimePlaygroundUITests.swift */,
				93BF3C1626483474007AD13D /* Info.plist */,
			);
			path = FakeTimeUITests;
			sourceTree = "<group>";
		};
/* End PBXGroup section */

/* Begin PBXNativeTarget section */
		93BF3BF326483469007AD13D /* FakeTime */ = {
			isa = PBXNativeTarget;
			buildConfigurationList = 93BF3C1926483474007AD13D /* Build configuration list for PBXNativeTarget "FakeTime" */;
			buildPhases = (
				93BF3BF026483469007AD13D /* Sources */,
				93BF3BF126483469007AD13D /* Frameworks */,
				93BF3BF226483469007AD13D /* Resources */,
			);
			buildRules = (
			);
			dependencies = (
			);
			name = FakeTime;
			productName = FakeTimePlayground;
			productReference = 93BF3BF426483469007AD13D /* FakeTime.app */;
			productType = "com.apple.product-type.application";
		};
		93BF3C0426483474007AD13D /* FakeTimeTests */ = {
			isa = PBXNativeTarget;
			buildConfigurationList = 93BF3C1C26483474007AD13D /* Build configuration list for PBXNativeTarget "FakeTimeTests" */;
			buildPhases = (
				93BF3C0126483474007AD13D /* Sources */,
				93BF3C0226483474007AD13D /* Frameworks */,
				93BF3C0326483474007AD13D /* Resources */,
			);
			buildRules = (
			);
			dependencies = (
				93BF3C0726483474007AD13D /* PBXTargetDependency */,
			);
			name = FakeTimeTests;
			productName = FakeTimePlaygroundTests;
			productReference = 93BF3C0526483474007AD13D /* FakeTimeTests.xctest */;
			productType = "com.apple.product-type.bundle.unit-test";
		};
		93BF3C0F26483474007AD13D /* FakeTimeUITests */ = {
			isa = PBXNativeTarget;
			buildConfigurationList = 93BF3C1F26483474007AD13D /* Build configuration list for PBXNativeTarget "FakeTimeUITests" */;
			buildPhases = (
				93BF3C0C26483474007AD13D /* Sources */,
				93BF3C0D26483474007AD13D /* Frameworks */,
				93BF3C0E26483474007AD13D /* Resources */,
			);
			buildRules = (
			);
			dependencies = (
				93BF3C1226483474007AD13D /* PBXTargetDependency */,
			);
			name = FakeTimeUITests;
			productName = FakeTimePlaygroundUITests;
			productReference = 93BF3C1026483474007AD13D /* FakeTimeUITests.xctest */;
			productType = "com.apple.product-type.bundle.ui-testing";
		};
/* End PBXNativeTarget section */

/* Begin PBXProject section */
		93BF3BEC26483469007AD13D /* Project object */ = {
			isa = PBXProject;
			attributes = {
				LastSwiftUpdateCheck = 1240;
				LastUpgradeCheck = 1240;
				TargetAttributes = {
					93BF3BF326483469007AD13D = {
						CreatedOnToolsVersion = 12.4;
					};
					93BF3C0426483474007AD13D = {
						CreatedOnToolsVersion = 12.4;
						TestTargetID = 93BF3BF326483469007AD13D;
					};
					93BF3C0F26483474007AD13D = {
						CreatedOnToolsVersion = 12.4;
						TestTargetID = 93BF3BF326483469007AD13D;
					};
				};
			};
			buildConfigurationList = 93BF3BEF26483469007AD13D /* Build configuration list for PBXProject "FakeTime" */;
			compatibilityVersion = "Xcode 9.3";
			developmentRegion = en;
			hasScannedForEncodings = 0;
			knownRegions = (
				en,
				Base,
			);
			mainGroup = 93BF3BEB26483469007AD13D;
			productRefGroup = 93BF3BF526483469007AD13D /* Products */;
			projectDirPath = "";
			projectRoot = "";
			targets = (
				93BF3BF326483469007AD13D /* FakeTime */,
				93BF3C0426483474007AD13D /* FakeTimeTests */,
				93BF3C0F26483474007AD13D /* FakeTimeUITests */,
			);
		};
/* End PBXProject section */

/* Begin PBXResourcesBuildPhase section */
		93BF3BF226483469007AD13D /* Resources */ = {
			isa = PBXResourcesBuildPhase;
			buildActionMask = 2147483647;
			files = (
				933641BC2653EDD800FA72C2 /* TS.mp4 in Resources */,
				93CE6A6726529E9D003F9133 /* TC.mp4 in Resources */,
				933641C02655413800FA72C2 /* answer.mp3 in Resources */,
				939C817A26497D0D0094083B /* dialtone.m4a in Resources */,
				93BF3BFF26483474007AD13D /* Preview Assets.xcassets in Resources */,
				93BF3BFC26483474007AD13D /* Assets.xcassets in Resources */,
			);
			runOnlyForDeploymentPostprocessing = 0;
		};
		93BF3C0326483474007AD13D /* Resources */ = {
			isa = PBXResourcesBuildPhase;
			buildActionMask = 2147483647;
			files = (
			);
			runOnlyForDeploymentPostprocessing = 0;
		};
		93BF3C0E26483474007AD13D /* Resources */ = {
			isa = PBXResourcesBuildPhase;
			buildActionMask = 2147483647;
			files = (
			);
			runOnlyForDeploymentPostprocessing = 0;
		};
/* End PBXResourcesBuildPhase section */

/* Begin PBXSourcesBuildPhase section */
		93BF3BF026483469007AD13D /* Sources */ = {
			isa = PBXSourcesBuildPhase;
			buildActionMask = 2147483647;
			files = (
				93F6D557264C6C4F009E6F84 /* CustomPlayer.swift in Sources */,
				936218E126483AB90033E58B /* ContactList.swift in Sources */,
				936218FE26485C730033E58B /* CameraViewController.swift in Sources */,
				93BF3BFA26483469007AD13D /* ContentView.swift in Sources */,
				936218F926485B200033E58B /* CameraController.swift in Sources */,
				93BF3BF826483469007AD13D /* FakeTimePlaygroundApp.swift in Sources */,
				933641BE2653F38500FA72C2 /* RootPresentationMode.swift in Sources */,
			);
			runOnlyForDeploymentPostprocessing = 0;
		};
		93BF3C0126483474007AD13D /* Sources */ = {
			isa = PBXSourcesBuildPhase;
			buildActionMask = 2147483647;
			files = (
				93BF3C0A26483474007AD13D /* FakeTimePlaygroundTests.swift in Sources */,
			);
			runOnlyForDeploymentPostprocessing = 0;
		};
		93BF3C0C26483474007AD13D /* Sources */ = {
			isa = PBXSourcesBuildPhase;
			buildActionMask = 2147483647;
			files = (
				93BF3C1526483474007AD13D /* FakeTimePlaygroundUITests.swift in Sources */,
			);
			runOnlyForDeploymentPostprocessing = 0;
		};
/* End PBXSourcesBuildPhase section */

/* Begin PBXTargetDependency section */
		93BF3C0726483474007AD13D /* PBXTargetDependency */ = {
			isa = PBXTargetDependency;
			target = 93BF3BF326483469007AD13D /* FakeTime */;
			targetProxy = 93BF3C0626483474007AD13D /* PBXContainerItemProxy */;
		};
		93BF3C1226483474007AD13D /* PBXTargetDependency */ = {
			isa = PBXTargetDependency;
			target = 93BF3BF326483469007AD13D /* FakeTime */;
			targetProxy = 93BF3C1126483474007AD13D /* PBXContainerItemProxy */;
		};
/* End PBXTargetDependency section */

/* Begin XCBuildConfiguration section */
		93BF3C1726483474007AD13D /* Debug */ = {
			isa = XCBuildConfiguration;
			buildSettings = {
				ALWAYS_SEARCH_USER_PATHS = NO;
				CLANG_ANALYZER_NONNULL = YES;
				CLANG_ANALYZER_NUMBER_OBJECT_CONVERSION = YES_AGGRESSIVE;
				CLANG_CXX_LANGUAGE_STANDARD = "gnu++14";
				CLANG_CXX_LIBRARY = "libc++";
				CLANG_ENABLE_MODULES = YES;
				CLANG_ENABLE_OBJC_ARC = YES;
				CLANG_ENABLE_OBJC_WEAK = YES;
				CLANG_WARN_BLOCK_CAPTURE_AUTORELEASING = YES;
				CLANG_WARN_BOOL_CONVERSION = YES;
				CLANG_WARN_COMMA = YES;
				CLANG_WARN_CONSTANT_CONVERSION = YES;
				CLANG_WARN_DEPRECATED_OBJC_IMPLEMENTATIONS = YES;
				CLANG_WARN_DIRECT_OBJC_ISA_USAGE = YES_ERROR;
				CLANG_WARN_DOCUMENTATION_COMMENTS = YES;
				CLANG_WARN_EMPTY_BODY = YES;
				CLANG_WARN_ENUM_CONVERSION = YES;
				CLANG_WARN_INFINITE_RECURSION = YES;
				CLANG_WARN_INT_CONVERSION = YES;
				CLANG_WARN_NON_LITERAL_NULL_CONVERSION = YES;
				CLANG_WARN_OBJC_IMPLICIT_RETAIN_SELF = YES;
				CLANG_WARN_OBJC_LITERAL_CONVERSION = YES;
				CLANG_WARN_OBJC_ROOT_CLASS = YES_ERROR;
				CLANG_WARN_QUOTED_INCLUDE_IN_FRAMEWORK_HEADER = YES;
				CLANG_WARN_RANGE_LOOP_ANALYSIS = YES;
				CLANG_WARN_STRICT_PROTOTYPES = YES;
				CLANG_WARN_SUSPICIOUS_MOVE = YES;
				CLANG_WARN_UNGUARDED_AVAILABILITY = YES_AGGRESSIVE;
				CLANG_WARN_UNREACHABLE_CODE = YES;
				CLANG_WARN__DUPLICATE_METHOD_MATCH = YES;
				COPY_PHASE_STRIP = NO;
				DEBUG_INFORMATION_FORMAT = dwarf;
				ENABLE_STRICT_OBJC_MSGSEND = YES;
				ENABLE_TESTABILITY = YES;
				GCC_C_LANGUAGE_STANDARD = gnu11;
				GCC_DYNAMIC_NO_PIC = NO;
				GCC_NO_COMMON_BLOCKS = YES;
				GCC_OPTIMIZATION_LEVEL = 0;
				GCC_PREPROCESSOR_DEFINITIONS = (
					"DEBUG=1",
					"$(inherited)",
				);
				GCC_WARN_64_TO_32_BIT_CONVERSION = YES;
				GCC_WARN_ABOUT_RETURN_TYPE = YES_ERROR;
				GCC_WARN_UNDECLARED_SELECTOR = YES;
				GCC_WARN_UNINITIALIZED_AUTOS = YES_AGGRESSIVE;
				GCC_WARN_UNUSED_FUNCTION = YES;
				GCC_WARN_UNUSED_VARIABLE = YES;
				IPHONEOS_DEPLOYMENT_TARGET = 14.4;
				MTL_ENABLE_DEBUG_INFO = INCLUDE_SOURCE;
				MTL_FAST_MATH = YES;
				ONLY_ACTIVE_ARCH = YES;
				SDKROOT = iphoneos;
				SWIFT_ACTIVE_COMPILATION_CONDITIONS = DEBUG;
				SWIFT_OPTIMIZATION_LEVEL = "-Onone";
			};
			name = Debug;
		};
		93BF3C1826483474007AD13D /* Release */ = {
			isa = XCBuildConfiguration;
			buildSettings = {
				ALWAYS_SEARCH_USER_PATHS = NO;
				CLANG_ANALYZER_NONNULL = YES;
				CLANG_ANALYZER_NUMBER_OBJECT_CONVERSION = YES_AGGRESSIVE;
				CLANG_CXX_LANGUAGE_STANDARD = "gnu++14";
				CLANG_CXX_LIBRARY = "libc++";
				CLANG_ENABLE_MODULES = YES;
				CLANG_ENABLE_OBJC_ARC = YES;
				CLANG_ENABLE_OBJC_WEAK = YES;
				CLANG_WARN_BLOCK_CAPTURE_AUTORELEASING = YES;
				CLANG_WARN_BOOL_CONVERSION = YES;
				CLANG_WARN_COMMA = YES;
				CLANG_WARN_CONSTANT_CONVERSION = YES;
				CLANG_WARN_DEPRECATED_OBJC_IMPLEMENTATIONS = YES;
				CLANG_WARN_DIRECT_OBJC_ISA_USAGE = YES_ERROR;
				CLANG_WARN_DOCUMENTATION_COMMENTS = YES;
				CLANG_WARN_EMPTY_BODY = YES;
				CLANG_WARN_ENUM_CONVERSION = YES;
				CLANG_WARN_INFINITE_RECURSION = YES;
				CLANG_WARN_INT_CONVERSION = YES;
				CLANG_WARN_NON_LITERAL_NULL_CONVERSION = YES;
				CLANG_WARN_OBJC_IMPLICIT_RETAIN_SELF = YES;
				CLANG_WARN_OBJC_LITERAL_CONVERSION = YES;
				CLANG_WARN_OBJC_ROOT_CLASS = YES_ERROR;
				CLANG_WARN_QUOTED_INCLUDE_IN_FRAMEWORK_HEADER = YES;
				CLANG_WARN_RANGE_LOOP_ANALYSIS = YES;
				CLANG_WARN_STRICT_PROTOTYPES = YES;
				CLANG_WARN_SUSPICIOUS_MOVE = YES;
				CLANG_WARN_UNGUARDED_AVAILABILITY = YES_AGGRESSIVE;
				CLANG_WARN_UNREACHABLE_CODE = YES;
				CLANG_WARN__DUPLICATE_METHOD_MATCH = YES;
				COPY_PHASE_STRIP = NO;
				DEBUG_INFORMATION_FORMAT = "dwarf-with-dsym";
				ENABLE_NS_ASSERTIONS = NO;
				ENABLE_STRICT_OBJC_MSGSEND = YES;
				GCC_C_LANGUAGE_STANDARD = gnu11;
				GCC_NO_COMMON_BLOCKS = YES;
				GCC_WARN_64_TO_32_BIT_CONVERSION = YES;
				GCC_WARN_ABOUT_RETURN_TYPE = YES_ERROR;
				GCC_WARN_UNDECLARED_SELECTOR = YES;
				GCC_WARN_UNINITIALIZED_AUTOS = YES_AGGRESSIVE;
				GCC_WARN_UNUSED_FUNCTION = YES;
				GCC_WARN_UNUSED_VARIABLE = YES;
				IPHONEOS_DEPLOYMENT_TARGET = 14.4;
				MTL_ENABLE_DEBUG_INFO = NO;
				MTL_FAST_MATH = YES;
				SDKROOT = iphoneos;
				SWIFT_COMPILATION_MODE = wholemodule;
				SWIFT_OPTIMIZATION_LEVEL = "-O";
				VALIDATE_PRODUCT = YES;
			};
			name = Release;
		};
		93BF3C1A26483474007AD13D /* Debug */ = {
			isa = XCBuildConfiguration;
			buildSettings = {
				ASSETCATALOG_COMPILER_APPICON_NAME = AppIcon;
				ASSETCATALOG_COMPILER_GLOBAL_ACCENT_COLOR_NAME = AccentColor;
				CODE_SIGN_STYLE = Automatic;
				CURRENT_PROJECT_VERSION = 1.3;
				DEVELOPMENT_ASSET_PATHS = "\"FakeTime/Preview Content\"";
				DEVELOPMENT_TEAM = 7S264298H8;
				ENABLE_PREVIEWS = YES;
				INFOPLIST_FILE = FakeTime/Info.plist;
				IPHONEOS_DEPLOYMENT_TARGET = 14.0;
				LD_RUNPATH_SEARCH_PATHS = (
					"$(inherited)",
					"@executable_path/Frameworks",
				);
				PRODUCT_BUNDLE_IDENTIFIER = me.ammaar.FakeTime;
				PRODUCT_NAME = "$(TARGET_NAME)";
				SWIFT_VERSION = 5.0;
				TARGETED_DEVICE_FAMILY = 1;
			};
			name = Debug;
		};
		93BF3C1B26483474007AD13D /* Release */ = {
			isa = XCBuildConfiguration;
			buildSettings = {
				ASSETCATALOG_COMPILER_APPICON_NAME = AppIcon;
				ASSETCATALOG_COMPILER_GLOBAL_ACCENT_COLOR_NAME = AccentColor;
				CODE_SIGN_STYLE = Automatic;
				CURRENT_PROJECT_VERSION = 1.3;
				DEVELOPMENT_ASSET_PATHS = "\"FakeTime/Preview Content\"";
				DEVELOPMENT_TEAM = 7S264298H8;
				ENABLE_PREVIEWS = YES;
				INFOPLIST_FILE = FakeTime/Info.plist;
				IPHONEOS_DEPLOYMENT_TARGET = 14.0;
				LD_RUNPATH_SEARCH_PATHS = (
					"$(inherited)",
					"@executable_path/Frameworks",
				);
				PRODUCT_BUNDLE_IDENTIFIER = me.ammaar.FakeTime;
				PRODUCT_NAME = "$(TARGET_NAME)";
				SWIFT_VERSION = 5.0;
				TARGETED_DEVICE_FAMILY = 1;
			};
			name = Release;
		};
		93BF3C1D26483474007AD13D /* Debug */ = {
			isa = XCBuildConfiguration;
			buildSettings = {
				ALWAYS_EMBED_SWIFT_STANDARD_LIBRARIES = YES;
				BUNDLE_LOADER = "$(TEST_HOST)";
				CODE_SIGN_STYLE = Automatic;
				DEVELOPMENT_TEAM = 7S264298H8;
				INFOPLIST_FILE = FakeTimePlaygroundTests/Info.plist;
				IPHONEOS_DEPLOYMENT_TARGET = 14.0;
				LD_RUNPATH_SEARCH_PATHS = (
					"$(inherited)",
					"@executable_path/Frameworks",
					"@loader_path/Frameworks",
				);
				PRODUCT_BUNDLE_IDENTIFIER = me.ammaar.FakeTimePlaygroundTests;
				PRODUCT_NAME = "$(TARGET_NAME)";
				SWIFT_VERSION = 5.0;
				TARGETED_DEVICE_FAMILY = "1,2";
				TEST_HOST = "$(BUILT_PRODUCTS_DIR)/FakeTime.app/FakeTime";
			};
			name = Debug;
		};
		93BF3C1E26483474007AD13D /* Release */ = {
			isa = XCBuildConfiguration;
			buildSettings = {
				ALWAYS_EMBED_SWIFT_STANDARD_LIBRARIES = YES;
				BUNDLE_LOADER = "$(TEST_HOST)";
				CODE_SIGN_STYLE = Automatic;
				DEVELOPMENT_TEAM = 7S264298H8;
				INFOPLIST_FILE = FakeTimePlaygroundTests/Info.plist;
				IPHONEOS_DEPLOYMENT_TARGET = 14.0;
				LD_RUNPATH_SEARCH_PATHS = (
					"$(inherited)",
					"@executable_path/Frameworks",
					"@loader_path/Frameworks",
				);
				PRODUCT_BUNDLE_IDENTIFIER = me.ammaar.FakeTimePlaygroundTests;
				PRODUCT_NAME = "$(TARGET_NAME)";
				SWIFT_VERSION = 5.0;
				TARGETED_DEVICE_FAMILY = "1,2";
				TEST_HOST = "$(BUILT_PRODUCTS_DIR)/FakeTime.app/FakeTime";
			};
			name = Release;
		};
		93BF3C2026483474007AD13D /* Debug */ = {
			isa = XCBuildConfiguration;
			buildSettings = {
				ALWAYS_EMBED_SWIFT_STANDARD_LIBRARIES = YES;
				CODE_SIGN_STYLE = Automatic;
				DEVELOPMENT_TEAM = 7S264298H8;
				INFOPLIST_FILE = FakeTimePlaygroundUITests/Info.plist;
				LD_RUNPATH_SEARCH_PATHS = (
					"$(inherited)",
					"@executable_path/Frameworks",
					"@loader_path/Frameworks",
				);
				PRODUCT_BUNDLE_IDENTIFIER = me.ammaar.FakeTimePlaygroundUITests;
				PRODUCT_NAME = "$(TARGET_NAME)";
				SWIFT_VERSION = 5.0;
				TARGETED_DEVICE_FAMILY = "1,2";
				TEST_TARGET_NAME = FakeTimePlayground;
			};
			name = Debug;
		};
		93BF3C2126483474007AD13D /* Release */ = {
			isa = XCBuildConfiguration;
			buildSettings = {
				ALWAYS_EMBED_SWIFT_STANDARD_LIBRARIES = YES;
				CODE_SIGN_STYLE = Automatic;
				DEVELOPMENT_TEAM = 7S264298H8;
				INFOPLIST_FILE = FakeTimePlaygroundUITests/Info.plist;
				LD_RUNPATH_SEARCH_PATHS = (
					"$(inherited)",
					"@executable_path/Frameworks",
					"@loader_path/Frameworks",
				);
				PRODUCT_BUNDLE_IDENTIFIER = me.ammaar.FakeTimePlaygroundUITests;
				PRODUCT_NAME = "$(TARGET_NAME)";
				SWIFT_VERSION = 5.0;
				TARGETED_DEVICE_FAMILY = "1,2";
				TEST_TARGET_NAME = FakeTimePlayground;
			};
			name = Release;
		};
/* End XCBuildConfiguration section */

/* Begin XCConfigurationList section */
		93BF3BEF26483469007AD13D /* Build configuration list for PBXProject "FakeTime" */ = {
			isa = XCConfigurationList;
			buildConfigurations = (
				93BF3C1726483474007AD13D /* Debug */,
				93BF3C1826483474007AD13D /* Release */,
			);
			defaultConfigurationIsVisible = 0;
			defaultConfigurationName = Release;
		};
		93BF3C1926483474007AD13D /* Build configuration list for PBXNativeTarget "FakeTime" */ = {
			isa = XCConfigurationList;
			buildConfigurations = (
				93BF3C1A26483474007AD13D /* Debug */,
				93BF3C1B26483474007AD13D /* Release */,
			);
			defaultConfigurationIsVisible = 0;
			defaultConfigurationName = Release;
		};
		93BF3C1C26483474007AD13D /* Build configuration list for PBXNativeTarget "FakeTimeTests" */ = {
			isa = XCConfigurationList;
			buildConfigurations = (
				93BF3C1D26483474007AD13D /* Debug */,
				93BF3C1E26483474007AD13D /* Release */,
			);
			defaultConfigurationIsVisible = 0;
			defaultConfigurationName = Release;
		};
		93BF3C1F26483474007AD13D /* Build configuration list for PBXNativeTarget "FakeTimeUITests" */ = {
			isa = XCConfigurationList;
			buildConfigurations = (
				93BF3C2026483474007AD13D /* Debug */,
				93BF3C2126483474007AD13D /* Release */,
			);
			defaultConfigurationIsVisible = 0;
			defaultConfigurationName = Release;
		};
/* End XCConfigurationList section */
	};
	rootObject = 93BF3BEC26483469007AD13D /* Project object */;
}
